
Microsoft Visual Studio Solution File, Format Version 12.00
# Visual Studio Version 16
VisualStudioVersion = 25.0.1704.0
MinimumVisualStudioVersion = 10.0.40219.1
Project("{FAE04EC0-301F-11D3-BF4B-00C04F79EFBC}") = "thumb-change-api", "thumb-change-api.csproj", "{BD2AB4B5-B075-4FA1-8ECC-442DCFC96D04}"
EndProject
Global
	GlobalSection(SolutionConfigurationPlatforms) = preSolution
		Debug|Any CPU = Debug|Any CPU
		Release|Any CPU = Release|Any CPU
	EndGlobalSection
	GlobalSection(ProjectConfigurationPlatforms) = postSolution
		{BD2AB4B5-B075-4FA1-8ECC-442DCFC96D04}.Debug|Any CPU.ActiveCfg = Debug|Any CPU
		{BD2AB4B5-B075-4FA1-8ECC-442DCFC96D04}.Debug|Any CPU.Build.0 = Debug|Any CPU
		{BD2AB4B5-B075-4FA1-8ECC-442DCFC96D04}.Release|Any CPU.ActiveCfg = Release|Any CPU
		{BD2AB4B5-B075-4FA1-8ECC-442DCFC96D04}.Release|Any CPU.Build.0 = Release|Any CPU
	EndGlobalSection
	GlobalSection(SolutionProperties) = preSolution
		HideSolutionNode = FALSE
	EndGlobalSection
	GlobalSection(ExtensibilityGlobals) = postSolution
		SolutionGuid = {0D15B513-8AF2-42A8-B68B-40146500C194}
	EndGlobalSection
EndGlobal
